
Microsoft Visual Studio Solution File, Format Version 12.00
# Visual Studio Version 16
VisualStudioVersion = 16.0.33214.272
MinimumVisualStudioVersion = 10.0.40219.1
Project("{9A19103F-16F7-4668-BE54-9A1E7A4F7556}") = "Mission09_emwind", "Mission09_emwind\Mission09_emwind.csproj", "{B89F7FBA-6D74-457E-B19D-C426052F8793}"
EndProject
Global
	GlobalSection(SolutionConfigurationPlatforms) = preSolution
		Debug|Any CPU = Debug|Any CPU
		Release|Any CPU = Release|Any CPU
	EndGlobalSection
	GlobalSection(ProjectConfigurationPlatforms) = postSolution
		{B89F7FBA-6D74-457E-B19D-C426052F8793}.Debug|Any CPU.ActiveCfg = Debug|Any CPU
		{B89F7FBA-6D74-457E-B19D-C426052F8793}.Debug|Any CPU.Build.0 = Debug|Any CPU
		{B89F7FBA-6D74-457E-B19D-C426052F8793}.Release|Any CPU.ActiveCfg = Release|Any CPU
		{B89F7FBA-6D74-457E-B19D-C426052F8793}.Release|Any CPU.Build.0 = Release|Any CPU
	EndGlobalSection
	GlobalSection(SolutionProperties) = preSolution
		HideSolutionNode = FALSE
	EndGlobalSection
	GlobalSection(ExtensibilityGlobals) = postSolution
		SolutionGuid = {2A1087D8-7698-46B3-B262-0DA506C5988B}
	EndGlobalSection
EndGlobal
